
Microsoft Visual Studio Solution File, Format Version 12.00
# Visual Studio Version 17
VisualStudioVersion = 17.5.33530.505
MinimumVisualStudioVersion = 10.0.40219.1
Project("{FAE04EC0-301F-11D3-BF4B-00C04F79EFBC}") = "Итоговая аттестация", "Итоговая аттестация\Итоговая аттестация.csproj", "{854B94F7-0CFE-4B34-98C9-43AA3A61CCE3}"
EndProject
Global
	GlobalSection(SolutionConfigurationPlatforms) = preSolution
		Debug|Any CPU = Debug|Any CPU
		Release|Any CPU = Release|Any CPU
	EndGlobalSection
	GlobalSection(ProjectConfigurationPlatforms) = postSolution
		{854B94F7-0CFE-4B34-98C9-43AA3A61CCE3}.Debug|Any CPU.ActiveCfg = Debug|Any CPU
		{854B94F7-0CFE-4B34-98C9-43AA3A61CCE3}.Debug|Any CPU.Build.0 = Debug|Any CPU
		{854B94F7-0CFE-4B34-98C9-43AA3A61CCE3}.Release|Any CPU.ActiveCfg = Release|Any CPU
		{854B94F7-0CFE-4B34-98C9-43AA3A61CCE3}.Release|Any CPU.Build.0 = Release|Any CPU
	EndGlobalSection
	GlobalSection(SolutionProperties) = preSolution
		HideSolutionNode = FALSE
	EndGlobalSection
	GlobalSection(ExtensibilityGlobals) = postSolution
		SolutionGuid = {7968C2AD-C5C5-484F-B65A-68E5021C7AC0}
	EndGlobalSection
EndGlobal
